{
  "version": 4,
  "terraform_version": "1.5.7",
  "serial": 15,
  "lineage": "03494c47-9f2e-c9a7-3a26-a90274c68994",
  "outputs": {},
  "resources": [
    {
      "mode": "data",
      "type": "scaleway_instance_image",
      "name": "nextcloud_s",
      "provider": "provider[\"registry.terraform.io/scaleway/scaleway\"]",
      "instances": [
        {
          "schema_version": 0,
          "attributes": {
            "additional_volume_ids": [],
            "architecture": "x86_64",
            "creation_date": "2023-09-05T21:16:43Z",
            "default_bootscript_id": "",
            "from_server_id": "",
            "id": "fr-par-2/ca7f8f8b-9812-4ece-a9ed-c1f72fa51902",
            "image_id": "fr-par-2/ca7f8f8b-9812-4ece-a9ed-c1f72fa51902",
            "latest": true,
            "modification_date": "2023-09-05T21:16:43Z",
            "name": "nextcloud_s",
            "organization_id": "b2e3f40b-0701-44a0-ac1c-8dfa5b267c10",
            "project_id": "b0372300-1fb2-412d-9fb4-64e8891c7914",
            "public": false,
            "root_volume_id": "3b1abee1-5d93-4941-b27e-5f9d87a6c26a",
            "state": "available",
            "zone": "fr-par-2"
          },
          "sensitive_attributes": []
        }
      ]
    },
    {
      "mode": "managed",
      "type": "scaleway_instance_ip",
      "name": "ip",
      "provider": "provider[\"registry.terraform.io/scaleway/scaleway\"]",
      "instances": [
        {
          "index_key": 0,
          "schema_version": 0,
          "attributes": {
            "address": "51.159.129.35",
            "id": "fr-par-2/189e6083-cd68-4d5d-a883-4feb24c7448d",
            "organization_id": "b2e3f40b-0701-44a0-ac1c-8dfa5b267c10",
            "prefix": "51.159.129.35/32",
            "project_id": "b0372300-1fb2-412d-9fb4-64e8891c7914",
            "reverse": "",
            "server_id": "",
            "tags": null,
            "timeouts": null,
            "type": "nat",
            "zone": "fr-par-2"
          },
          "sensitive_attributes": [],
          "private": "eyJlMmJmYjczMC1lY2FhLTExZTYtOGY4OC0zNDM2M2JjN2M0YzAiOnsiY3JlYXRlIjo2MDAwMDAwMDAwMCwiZGVmYXVsdCI6NjAwMDAwMDAwMDAsImRlbGV0ZSI6NjAwMDAwMDAwMDAsInJlYWQiOjYwMDAwMDAwMDAwLCJ1cGRhdGUiOjYwMDAwMDAwMDAwfX0="
        }
      ]
    },
    {
      "mode": "managed",
      "type": "scaleway_instance_security_group",
      "name": "web",
      "provider": "provider[\"registry.terraform.io/scaleway/scaleway\"]",
      "instances": [
        {
          "schema_version": 0,
          "attributes": {
            "description": "allow HTTP and HTTPS traffic",
            "enable_default_security": true,
            "external_rules": false,
            "id": "fr-par-2/0f79b37c-5da3-4ea8-b053-861c34d32380",
            "inbound_default_policy": "accept",
            "inbound_rule": [
              {
                "action": "accept",
                "ip": "",
                "ip_range": "0.0.0.0/0",
                "port": 80,
                "port_range": "",
                "protocol": "TCP"
              },
              {
                "action": "accept",
                "ip": "",
                "ip_range": "0.0.0.0/0",
                "port": 443,
                "port_range": "",
                "protocol": "TCP"
              }
            ],
            "name": "http",
            "organization_id": "b2e3f40b-0701-44a0-ac1c-8dfa5b267c10",
            "outbound_default_policy": "accept",
            "outbound_rule": [],
            "project_id": "b0372300-1fb2-412d-9fb4-64e8891c7914",
            "stateful": true,
            "tags": [],
            "timeouts": null,
            "zone": "fr-par-2"
          },
          "sensitive_attributes": [],
          "private": "eyJlMmJmYjczMC1lY2FhLTExZTYtOGY4OC0zNDM2M2JjN2M0YzAiOnsiY3JlYXRlIjo2MDAwMDAwMDAwMCwiZGVmYXVsdCI6NjAwMDAwMDAwMDAsImRlbGV0ZSI6NjAwMDAwMDAwMDAsInJlYWQiOjYwMDAwMDAwMDAwLCJ1cGRhdGUiOjYwMDAwMDAwMDAwfX0="
        }
      ]
    },
    {
      "mode": "managed",
      "type": "scaleway_instance_server",
      "name": "nextcloud-server",
      "provider": "provider[\"registry.terraform.io/scaleway/scaleway\"]",
      "instances": [
        {
          "index_key": 0,
          "schema_version": 0,
          "attributes": {
            "additional_volume_ids": null,
            "boot_type": "local",
            "bootscript_id": "e6a56379-9ef4-48d4-a1d2-12b475e0fed8",
            "cloud_init": null,
            "enable_dynamic_ip": false,
            "enable_ipv6": false,
            "id": "fr-par-2/e9658d12-74cc-42b8-8221-44ee7354b838",
            "image": "fr-par-2/ca7f8f8b-9812-4ece-a9ed-c1f72fa51902",
            "ip_id": "fr-par-2/189e6083-cd68-4d5d-a883-4feb24c7448d",
            "ip_ids": null,
            "ipv6_address": "",
            "ipv6_gateway": "",
            "ipv6_prefix_length": 0,
            "name": "nextcloud-server--0",
            "organization_id": "b2e3f40b-0701-44a0-ac1c-8dfa5b267c10",
            "placement_group_id": null,
            "placement_group_policy_respected": null,
            "private_ip": "10.200.160.21",
            "private_network": [],
            "project_id": "b0372300-1fb2-412d-9fb4-64e8891c7914",
            "public_ip": "51.159.129.35",
            "public_ips": [
              {
                "address": "51.159.129.35",
                "id": "fr-par-2/189e6083-cd68-4d5d-a883-4feb24c7448d"
              }
            ],
            "replace_on_type_change": false,
            "root_volume": [
              {
                "boot": false,
                "delete_on_termination": true,
                "name": "nextcloud_s-snapshot",
                "size_in_gb": 43,
                "volume_id": "fr-par-2/66321242-7648-4541-99bf-28cc11f0a5af",
                "volume_type": "b_ssd"
              }
            ],
            "routed_ip_enabled": false,
            "security_group_id": "fr-par-2/0f79b37c-5da3-4ea8-b053-861c34d32380",
            "state": "started",
            "tags": null,
            "timeouts": null,
            "type": "DEV1-S",
            "user_data": {},
            "zone": "fr-par-2"
          },
          "sensitive_attributes": [],
          "private": "eyJlMmJmYjczMC1lY2FhLTExZTYtOGY4OC0zNDM2M2JjN2M0YzAiOnsiY3JlYXRlIjo2MDAwMDAwMDAwMDAsImRlZmF1bHQiOjYwMDAwMDAwMDAwMCwiZGVsZXRlIjo2MDAwMDAwMDAwMDAsInJlYWQiOjYwMDAwMDAwMDAwMCwidXBkYXRlIjo2MDAwMDAwMDAwMDB9fQ==",
          "dependencies": [
            "data.scaleway_instance_image.nextcloud_s",
            "scaleway_instance_ip.ip",
            "scaleway_instance_security_group.web"
          ]
        }
      ]
    }
  ],
  "check_results": null
}
